
Microsoft Visual Studio Solution File, Format Version 12.00
# Visual Studio Version 17
VisualStudioVersion = 17.0.32126.317
MinimumVisualStudioVersion = 10.0.40219.1
Project("{FAE04EC0-301F-11D3-BF4B-00C04F79EFBC}") = "Vendr.Contrib.PaymentProviders.Square", "src\Vendr.Contrib.PaymentProviders.Square\Vendr.Contrib.PaymentProviders.Square.csproj", "{54D75F3D-BD42-45E8-BC99-210A9AD71CEB}"
EndProject
Project("{9A19103F-16F7-4668-BE54-9A1E7A4F7556}") = "_build", "build\_build.csproj", "{E8506671-7D06-4BC8-86CB-9EB02ECBFE8E}"
EndProject
Global
	GlobalSection(SolutionConfigurationPlatforms) = preSolution
		Debug|Any CPU = Debug|Any CPU
		Release|Any CPU = Release|Any CPU
	EndGlobalSection
	GlobalSection(ProjectConfigurationPlatforms) = postSolution
		{54D75F3D-BD42-45E8-BC99-210A9AD71CEB}.Debug|Any CPU.ActiveCfg = Debug|Any CPU
		{54D75F3D-BD42-45E8-BC99-210A9AD71CEB}.Debug|Any CPU.Build.0 = Debug|Any CPU
		{54D75F3D-BD42-45E8-BC99-210A9AD71CEB}.Release|Any CPU.ActiveCfg = Release|Any CPU
		{54D75F3D-BD42-45E8-BC99-210A9AD71CEB}.Release|Any CPU.Build.0 = Release|Any CPU
		{E8506671-7D06-4BC8-86CB-9EB02ECBFE8E}.Debug|Any CPU.ActiveCfg = Debug|Any CPU
		{E8506671-7D06-4BC8-86CB-9EB02ECBFE8E}.Release|Any CPU.ActiveCfg = Release|Any CPU
	EndGlobalSection
	GlobalSection(SolutionProperties) = preSolution
		HideSolutionNode = FALSE
	EndGlobalSection
	GlobalSection(ExtensibilityGlobals) = postSolution
		SolutionGuid = {B3A08DA4-571B-4CE5-A04A-7F7E8EC953F1}
	EndGlobalSection
EndGlobal
